name: visualizeblock
kind: bridge
mode: bridge
class: VisualizeCli
xmx: 3g
runner: plot
group: syn
help: 'visualizeblock: visualizeblock <inBlockOut> <out.pdf> [--labels "Genome1,Gen'
semantic_fingerprint: 32d213da2a6b28f6f26a17f67f91a5892383ec7cd2c180edaefb700036bb39b2
semantic_fingerprint_short: 32d213da2a6b28f6
capabilities:
- synteny
capabilities_ontology:
- genomics
- genomics.synteny
- synteny
relations:
  accepts:
  - SIMPLIFIED_GFF
  - COLLINEARITY
  produces:
  - SYNTENY_PLOT
  next_step:
  - dualsyn
  - dotplot
  related_to:
  - mcscanx
